
Microsoft Visual Studio Solution File, Format Version 12.00
# Visual Studio Version 17
VisualStudioVersion = 17.2.32630.192
MinimumVisualStudioVersion = 10.0.40219.1
Project("{9A19103F-16F7-4668-BE54-9A1E7A4F7556}") = "ClientApi", "ClientApi\ClientApi.csproj", "{E529B33E-2618-4B0D-A1B0-AE5EB49A93D9}"
EndProject
Project("{9A19103F-16F7-4668-BE54-9A1E7A4F7556}") = "WebSocketFlow", "WebSocketFlow\WebSocketFlow.csproj", "{F7CF4675-D58C-44F9-BB1F-BFE53B3AAD59}"
EndProject
Project("{FAE04EC0-301F-11D3-BF4B-00C04F79EFBC}") = "Traders", "Traders\Traders.csproj", "{45C2EC06-34CD-4B9D-964B-DA208FEFA335}"
EndProject
Project("{FAE04EC0-301F-11D3-BF4B-00C04F79EFBC}") = "TradingWebSocket", "TradingWebSocket\TradingWebSocket.csproj", "{D3B497FC-729C-4F28-A1AD-70D63163343E}"
EndProject
Global
	GlobalSection(SolutionConfigurationPlatforms) = preSolution
		Debug|Any CPU = Debug|Any CPU
		Release|Any CPU = Release|Any CPU
	EndGlobalSection
	GlobalSection(ProjectConfigurationPlatforms) = postSolution
		{E529B33E-2618-4B0D-A1B0-AE5EB49A93D9}.Debug|Any CPU.ActiveCfg = Debug|Any CPU
		{E529B33E-2618-4B0D-A1B0-AE5EB49A93D9}.Debug|Any CPU.Build.0 = Debug|Any CPU
		{E529B33E-2618-4B0D-A1B0-AE5EB49A93D9}.Release|Any CPU.ActiveCfg = Release|Any CPU
		{E529B33E-2618-4B0D-A1B0-AE5EB49A93D9}.Release|Any CPU.Build.0 = Release|Any CPU
		{F7CF4675-D58C-44F9-BB1F-BFE53B3AAD59}.Debug|Any CPU.ActiveCfg = Debug|Any CPU
		{F7CF4675-D58C-44F9-BB1F-BFE53B3AAD59}.Debug|Any CPU.Build.0 = Debug|Any CPU
		{F7CF4675-D58C-44F9-BB1F-BFE53B3AAD59}.Release|Any CPU.ActiveCfg = Release|Any CPU
		{F7CF4675-D58C-44F9-BB1F-BFE53B3AAD59}.Release|Any CPU.Build.0 = Release|Any CPU
		{45C2EC06-34CD-4B9D-964B-DA208FEFA335}.Debug|Any CPU.ActiveCfg = Debug|Any CPU
		{45C2EC06-34CD-4B9D-964B-DA208FEFA335}.Debug|Any CPU.Build.0 = Debug|Any CPU
		{45C2EC06-34CD-4B9D-964B-DA208FEFA335}.Release|Any CPU.ActiveCfg = Release|Any CPU
		{45C2EC06-34CD-4B9D-964B-DA208FEFA335}.Release|Any CPU.Build.0 = Release|Any CPU
		{D3B497FC-729C-4F28-A1AD-70D63163343E}.Debug|Any CPU.ActiveCfg = Debug|Any CPU
		{D3B497FC-729C-4F28-A1AD-70D63163343E}.Debug|Any CPU.Build.0 = Debug|Any CPU
		{D3B497FC-729C-4F28-A1AD-70D63163343E}.Release|Any CPU.ActiveCfg = Release|Any CPU
		{D3B497FC-729C-4F28-A1AD-70D63163343E}.Release|Any CPU.Build.0 = Release|Any CPU
	EndGlobalSection
	GlobalSection(SolutionProperties) = preSolution
		HideSolutionNode = FALSE
	EndGlobalSection
	GlobalSection(ExtensibilityGlobals) = postSolution
		SolutionGuid = {48BAD6A8-625B-4B22-BC88-9CC76E629572}
	EndGlobalSection
EndGlobal
